// !$*UTF8*$!
{
	archiveVersion = 1;
	classes = {
	};
	objectVersion = 55;
	objects = {

/* Begin PBXBuildFile section */
		241AFB82287F100100E620FB /* AnniversaryCalculatorViewController.swift in Sources */ = {isa = PBXBuildFile; fileRef = 241AFB81287F100100E620FB /* AnniversaryCalculatorViewController.swift */; };
		241AFB98287FAF5900E620FB /* SideMenu in Frameworks */ = {isa = PBXBuildFile; productRef = 241AFB97287FAF5900E620FB /* SideMenu */; };
		241AFB9B287FAF6700E620FB /* FSCalendar in Frameworks */ = {isa = PBXBuildFile; productRef = 241AFB9A287FAF6700E620FB /* FSCalendar */; };
		241AFB9E287FAFE400E620FB /* TextFieldEffects in Frameworks */ = {isa = PBXBuildFile; productRef = 241AFB9D287FAFE400E620FB /* TextFieldEffects */; };
		241AFBA1287FBE4100E620FB /* IQKeyboardManagerSwift in Frameworks */ = {isa = PBXBuildFile; productRef = 241AFBA0287FBE4100E620FB /* IQKeyboardManagerSwift */; };
		241AFBA42880E89200E620FB /* Transition.storyboard in Resources */ = {isa = PBXBuildFile; fileRef = 241AFBA32880E89100E620FB /* Transition.storyboard */; };
		2477BF3F287BA39800F2BB92 /* AppDelegate.swift in Sources */ = {isa = PBXBuildFile; fileRef = 2477BF3E287BA39800F2BB92 /* AppDelegate.swift */; };
		2477BF41287BA39800F2BB92 /* SceneDelegate.swift in Sources */ = {isa = PBXBuildFile; fileRef = 2477BF40287BA39800F2BB92 /* SceneDelegate.swift */; };
		2477BF43287BA39800F2BB92 /* ViewController.swift in Sources */ = {isa = PBXBuildFile; fileRef = 2477BF42287BA39800F2BB92 /* ViewController.swift */; };
		2477BF46287BA39800F2BB92 /* Main.storyboard in Resources */ = {isa = PBXBuildFile; fileRef = 2477BF44287BA39800F2BB92 /* Main.storyboard */; };
		2477BF48287BA39B00F2BB92 /* Assets.xcassets in Resources */ = {isa = PBXBuildFile; fileRef = 2477BF47287BA39B00F2BB92 /* Assets.xcassets */; };
		2477BF4B287BA39B00F2BB92 /* LaunchScreen.storyboard in Resources */ = {isa = PBXBuildFile; fileRef = 2477BF49287BA39B00F2BB92 /* LaunchScreen.storyboard */; };
		2477BF53287D21DC00F2BB92 /* SegmentViewController.swift in Sources */ = {isa = PBXBuildFile; fileRef = 2477BF52287D21DC00F2BB92 /* SegmentViewController.swift */; };
/* End PBXBuildFile section */

/* Begin PBXFileReference section */
		241AFB81287F100100E620FB /* AnniversaryCalculatorViewController.swift */ = {isa = PBXFileReference; lastKnownFileType = sourcecode.swift; path = AnniversaryCalculatorViewController.swift; sourceTree = "<group>"; };
		241AFBA32880E89100E620FB /* Transition.storyboard */ = {isa = PBXFileReference; lastKnownFileType = file.storyboard; path = Transition.storyboard; sourceTree = "<group>"; };
		2477BF3B287BA39800F2BB92 /* week2.app */ = {isa = PBXFileReference; explicitFileType = wrapper.application; includeInIndex = 0; path = week2.app; sourceTree = BUILT_PRODUCTS_DIR; };
		2477BF3E287BA39800F2BB92 /* AppDelegate.swift */ = {isa = PBXFileReference; lastKnownFileType = sourcecode.swift; path = AppDelegate.swift; sourceTree = "<group>"; };
		2477BF40287BA39800F2BB92 /* SceneDelegate.swift */ = {isa = PBXFileReference; lastKnownFileType = sourcecode.swift; path = SceneDelegate.swift; sourceTree = "<group>"; };
		2477BF42287BA39800F2BB92 /* ViewController.swift */ = {isa = PBXFileReference; lastKnownFileType = sourcecode.swift; path = ViewController.swift; sourceTree = "<group>"; };
		2477BF45287BA39800F2BB92 /* Base */ = {isa = PBXFileReference; lastKnownFileType = file.storyboard; name = Base; path = Base.lproj/Main.storyboard; sourceTree = "<group>"; };
		2477BF47287BA39B00F2BB92 /* Assets.xcassets */ = {isa = PBXFileReference; lastKnownFileType = folder.assetcatalog; path = Assets.xcassets; sourceTree = "<group>"; };
		2477BF4A287BA39B00F2BB92 /* Base */ = {isa = PBXFileReference; lastKnownFileType = file.storyboard; name = Base; path = Base.lproj/LaunchScreen.storyboard; sourceTree = "<group>"; };
		2477BF4C287BA39B00F2BB92 /* Info.plist */ = {isa = PBXFileReference; lastKnownFileType = text.plist.xml; path = Info.plist; sourceTree = "<group>"; };
		2477BF52287D21DC00F2BB92 /* SegmentViewController.swift */ = {isa = PBXFileReference; lastKnownFileType = sourcecode.swift; path = SegmentViewController.swift; sourceTree = "<group>"; };
/* End PBXFileReference section */

/* Begin PBXFrameworksBuildPhase section */
		2477BF38287BA39800F2BB92 /* Frameworks */ = {
			isa = PBXFrameworksBuildPhase;
			buildActionMask = 2147483647;
			files = (
				241AFB9E287FAFE400E620FB /* TextFieldEffects in Frameworks */,
				241AFBA1287FBE4100E620FB /* IQKeyboardManagerSwift in Frameworks */,
				241AFB98287FAF5900E620FB /* SideMenu in Frameworks */,
				241AFB9B287FAF6700E620FB /* FSCalendar in Frameworks */,
			);
			runOnlyForDeploymentPostprocessing = 0;
		};
/* End PBXFrameworksBuildPhase section */

/* Begin PBXGroup section */
		241AFBA22880E88200E620FB /* Transition */ = {
			isa = PBXGroup;
			children = (
				241AFBA32880E89100E620FB /* Transition.storyboard */,
			);
			path = Transition;
			sourceTree = "<group>";
		};
		2477BF32287BA39800F2BB92 = {
			isa = PBXGroup;
			children = (
				2477BF3D287BA39800F2BB92 /* week2 */,
				2477BF3C287BA39800F2BB92 /* Products */,
			);
			sourceTree = "<group>";
		};
		2477BF3C287BA39800F2BB92 /* Products */ = {
			isa = PBXGroup;
			children = (
				2477BF3B287BA39800F2BB92 /* week2.app */,
			);
			name = Products;
			sourceTree = "<group>";
		};
		2477BF3D287BA39800F2BB92 /* week2 */ = {
			isa = PBXGroup;
			children = (
				241AFBA22880E88200E620FB /* Transition */,
				2477BF3E287BA39800F2BB92 /* AppDelegate.swift */,
				2477BF40287BA39800F2BB92 /* SceneDelegate.swift */,
				2477BF42287BA39800F2BB92 /* ViewController.swift */,
				2477BF52287D21DC00F2BB92 /* SegmentViewController.swift */,
				241AFB81287F100100E620FB /* AnniversaryCalculatorViewController.swift */,
				2477BF44287BA39800F2BB92 /* Main.storyboard */,
				2477BF47287BA39B00F2BB92 /* Assets.xcassets */,
				2477BF49287BA39B00F2BB92 /* LaunchScreen.storyboard */,
				2477BF4C287BA39B00F2BB92 /* Info.plist */,
			);
			path = week2;
			sourceTree = "<group>";
		};
/* End PBXGroup section */

/* Begin PBXNativeTarget section */
		2477BF3A287BA39800F2BB92 /* week2 */ = {
			isa = PBXNativeTarget;
			buildConfigurationList = 2477BF4F287BA39B00F2BB92 /* Build configuration list for PBXNativeTarget "week2" */;
			buildPhases = (
				2477BF37287BA39800F2BB92 /* Sources */,
				2477BF38287BA39800F2BB92 /* Frameworks */,
				2477BF39287BA39800F2BB92 /* Resources */,
			);
			buildRules = (
			);
			dependencies = (
			);
			name = week2;
			packageProductDependencies = (
				241AFB97287FAF5900E620FB /* SideMenu */,
				241AFB9A287FAF6700E620FB /* FSCalendar */,
				241AFB9D287FAFE400E620FB /* TextFieldEffects */,
				241AFBA0287FBE4100E620FB /* IQKeyboardManagerSwift */,
			);
			productName = week2;
			productReference = 2477BF3B287BA39800F2BB92 /* week2.app */;
			productType = "com.apple.product-type.application";
		};
/* End PBXNativeTarget section */

/* Begin PBXProject section */
		2477BF33287BA39800F2BB92 /* Project object */ = {
			isa = PBXProject;
			attributes = {
				BuildIndependentTargetsInParallel = 1;
				LastSwiftUpdateCheck = 1330;
				LastUpgradeCheck = 1330;
				TargetAttributes = {
					2477BF3A287BA39800F2BB92 = {
						CreatedOnToolsVersion = 13.3.1;
					};
				};
			};
			buildConfigurationList = 2477BF36287BA39800F2BB92 /* Build configuration list for PBXProject "week2" */;
			compatibilityVersion = "Xcode 13.0";
			developmentRegion = en;
			hasScannedForEncodings = 0;
			knownRegions = (
				en,
				Base,
			);
			mainGroup = 2477BF32287BA39800F2BB92;
			packageReferences = (
				241AFB96287FAF5900E620FB /* XCRemoteSwiftPackageReference "SideMenu" */,
				241AFB99287FAF6700E620FB /* XCRemoteSwiftPackageReference "FSCalendar" */,
				241AFB9C287FAFE400E620FB /* XCRemoteSwiftPackageReference "TextFieldEffects" */,
				241AFB9F287FBE4100E620FB /* XCRemoteSwiftPackageReference "IQKeyboardManager" */,
			);
			productRefGroup = 2477BF3C287BA39800F2BB92 /* Products */;
			projectDirPath = "";
			projectRoot = "";
			targets = (
				2477BF3A287BA39800F2BB92 /* week2 */,
			);
		};
/* End PBXProject section */

/* Begin PBXResourcesBuildPhase section */
		2477BF39287BA39800F2BB92 /* Resources */ = {
			isa = PBXResourcesBuildPhase;
			buildActionMask = 2147483647;
			files = (
				2477BF4B287BA39B00F2BB92 /* LaunchScreen.storyboard in Resources */,
				2477BF48287BA39B00F2BB92 /* Assets.xcassets in Resources */,
				2477BF46287BA39800F2BB92 /* Main.storyboard in Resources */,
				241AFBA42880E89200E620FB /* Transition.storyboard in Resources */,
			);
			runOnlyForDeploymentPostprocessing = 0;
		};
/* End PBXResourcesBuildPhase section */

/* Begin PBXSourcesBuildPhase section */
		2477BF37287BA39800F2BB92 /* Sources */ = {
			isa = PBXSourcesBuildPhase;
			buildActionMask = 2147483647;
			files = (
				241AFB82287F100100E620FB /* AnniversaryCalculatorViewController.swift in Sources */,
				2477BF53287D21DC00F2BB92 /* SegmentViewController.swift in Sources */,
				2477BF43287BA39800F2BB92 /* ViewController.swift in Sources */,
				2477BF3F287BA39800F2BB92 /* AppDelegate.swift in Sources */,
				2477BF41287BA39800F2BB92 /* SceneDelegate.swift in Sources */,
			);
			runOnlyForDeploymentPostprocessing = 0;
		};
/* End PBXSourcesBuildPhase section */

/* Begin PBXVariantGroup section */
		2477BF44287BA39800F2BB92 /* Main.storyboard */ = {
			isa = PBXVariantGroup;
			children = (
				2477BF45287BA39800F2BB92 /* Base */,
			);
			name = Main.storyboard;
			sourceTree = "<group>";
		};
		2477BF49287BA39B00F2BB92 /* LaunchScreen.storyboard */ = {
			isa = PBXVariantGroup;
			children = (
				2477BF4A287BA39B00F2BB92 /* Base */,
			);
			name = LaunchScreen.storyboard;
			sourceTree = "<group>";
		};
/* End PBXVariantGroup section */

/* Begin XCBuildConfiguration section */
		2477BF4D287BA39B00F2BB92 /* Debug */ = {
			isa = XCBuildConfiguration;
			buildSettings = {
				ALWAYS_SEARCH_USER_PATHS = NO;
				CLANG_ANALYZER_NONNULL = YES;
				CLANG_ANALYZER_NUMBER_OBJECT_CONVERSION = YES_AGGRESSIVE;
				CLANG_CXX_LANGUAGE_STANDARD = "gnu++17";
				CLANG_ENABLE_MODULES = YES;
				CLANG_ENABLE_OBJC_ARC = YES;
				CLANG_ENABLE_OBJC_WEAK = YES;
				CLANG_WARN_BLOCK_CAPTURE_AUTORELEASING = YES;
				CLANG_WARN_BOOL_CONVERSION = YES;
				CLANG_WARN_COMMA = YES;
				CLANG_WARN_CONSTANT_CONVERSION = YES;
				CLANG_WARN_DEPRECATED_OBJC_IMPLEMENTATIONS = YES;
				CLANG_WARN_DIRECT_OBJC_ISA_USAGE = YES_ERROR;
				CLANG_WARN_DOCUMENTATION_COMMENTS = YES;
				CLANG_WARN_EMPTY_BODY = YES;
				CLANG_WARN_ENUM_CONVERSION = YES;
				CLANG_WARN_INFINITE_RECURSION = YES;
				CLANG_WARN_INT_CONVERSION = YES;
				CLANG_WARN_NON_LITERAL_NULL_CONVERSION = YES;
				CLANG_WARN_OBJC_IMPLICIT_RETAIN_SELF = YES;
				CLANG_WARN_OBJC_LITERAL_CONVERSION = YES;
				CLANG_WARN_OBJC_ROOT_CLASS = YES_ERROR;
				CLANG_WARN_QUOTED_INCLUDE_IN_FRAMEWORK_HEADER = YES;
				CLANG_WARN_RANGE_LOOP_ANALYSIS = YES;
				CLANG_WARN_STRICT_PROTOTYPES = YES;
				CLANG_WARN_SUSPICIOUS_MOVE = YES;
				CLANG_WARN_UNGUARDED_AVAILABILITY = YES_AGGRESSIVE;
				CLANG_WARN_UNREACHABLE_CODE = YES;
				CLANG_WARN__DUPLICATE_METHOD_MATCH = YES;
				COPY_PHASE_STRIP = NO;
				DEBUG_INFORMATION_FORMAT = dwarf;
				ENABLE_STRICT_OBJC_MSGSEND = YES;
				ENABLE_TESTABILITY = YES;
				GCC_C_LANGUAGE_STANDARD = gnu11;
				GCC_DYNAMIC_NO_PIC = NO;
				GCC_NO_COMMON_BLOCKS = YES;
				GCC_OPTIMIZATION_LEVEL = 0;
				GCC_PREPROCESSOR_DEFINITIONS = (
					"DEBUG=1",
					"$(inherited)",
				);
				GCC_WARN_64_TO_32_BIT_CONVERSION = YES;
				GCC_WARN_ABOUT_RETURN_TYPE = YES_ERROR;
				GCC_WARN_UNDECLARED_SELECTOR = YES;
				GCC_WARN_UNINITIALIZED_AUTOS = YES_AGGRESSIVE;
				GCC_WARN_UNUSED_FUNCTION = YES;
				GCC_WARN_UNUSED_VARIABLE = YES;
				IPHONEOS_DEPLOYMENT_TARGET = 15.4;
				MTL_ENABLE_DEBUG_INFO = INCLUDE_SOURCE;
				MTL_FAST_MATH = YES;
				ONLY_ACTIVE_ARCH = YES;
				SDKROOT = iphoneos;
				SWIFT_ACTIVE_COMPILATION_CONDITIONS = DEBUG;
				SWIFT_OPTIMIZATION_LEVEL = "-Onone";
			};
			name = Debug;
		};
		2477BF4E287BA39B00F2BB92 /* Release */ = {
			isa = XCBuildConfiguration;
			buildSettings = {
				ALWAYS_SEARCH_USER_PATHS = NO;
				CLANG_ANALYZER_NONNULL = YES;
				CLANG_ANALYZER_NUMBER_OBJECT_CONVERSION = YES_AGGRESSIVE;
				CLANG_CXX_LANGUAGE_STANDARD = "gnu++17";
				CLANG_ENABLE_MODULES = YES;
				CLANG_ENABLE_OBJC_ARC = YES;
				CLANG_ENABLE_OBJC_WEAK = YES;
				CLANG_WARN_BLOCK_CAPTURE_AUTORELEASING = YES;
				CLANG_WARN_BOOL_CONVERSION = YES;
				CLANG_WARN_COMMA = YES;
				CLANG_WARN_CONSTANT_CONVERSION = YES;
				CLANG_WARN_DEPRECATED_OBJC_IMPLEMENTATIONS = YES;
				CLANG_WARN_DIRECT_OBJC_ISA_USAGE = YES_ERROR;
				CLANG_WARN_DOCUMENTATION_COMMENTS = YES;
				CLANG_WARN_EMPTY_BODY = YES;
				CLANG_WARN_ENUM_CONVERSION = YES;
				CLANG_WARN_INFINITE_RECURSION = YES;
				CLANG_WARN_INT_CONVERSION = YES;
				CLANG_WARN_NON_LITERAL_NULL_CONVERSION = YES;
				CLANG_WARN_OBJC_IMPLICIT_RETAIN_SELF = YES;
				CLANG_WARN_OBJC_LITERAL_CONVERSION = YES;
				CLANG_WARN_OBJC_ROOT_CLASS = YES_ERROR;
				CLANG_WARN_QUOTED_INCLUDE_IN_FRAMEWORK_HEADER = YES;
				CLANG_WARN_RANGE_LOOP_ANALYSIS = YES;
				CLANG_WARN_STRICT_PROTOTYPES = YES;
				CLANG_WARN_SUSPICIOUS_MOVE = YES;
				CLANG_WARN_UNGUARDED_AVAILABILITY = YES_AGGRESSIVE;
				CLANG_WARN_UNREACHABLE_CODE = YES;
				CLANG_WARN__DUPLICATE_METHOD_MATCH = YES;
				COPY_PHASE_STRIP = NO;
				DEBUG_INFORMATION_FORMAT = "dwarf-with-dsym";
				ENABLE_NS_ASSERTIONS = NO;
				ENABLE_STRICT_OBJC_MSGSEND = YES;
				GCC_C_LANGUAGE_STANDARD = gnu11;
				GCC_NO_COMMON_BLOCKS = YES;
				GCC_WARN_64_TO_32_BIT_CONVERSION = YES;
				GCC_WARN_ABOUT_RETURN_TYPE = YES_ERROR;
				GCC_WARN_UNDECLARED_SELECTOR = YES;
				GCC_WARN_UNINITIALIZED_AUTOS = YES_AGGRESSIVE;
				GCC_WARN_UNUSED_FUNCTION = YES;
				GCC_WARN_UNUSED_VARIABLE = YES;
				IPHONEOS_DEPLOYMENT_TARGET = 15.4;
				MTL_ENABLE_DEBUG_INFO = NO;
				MTL_FAST_MATH = YES;
				SDKROOT = iphoneos;
				SWIFT_COMPILATION_MODE = wholemodule;
				SWIFT_OPTIMIZATION_LEVEL = "-O";
				VALIDATE_PRODUCT = YES;
			};
			name = Release;
		};
		2477BF50287BA39B00F2BB92 /* Debug */ = {
			isa = XCBuildConfiguration;
			buildSettings = {
				ASSETCATALOG_COMPILER_APPICON_NAME = AppIcon;
				ASSETCATALOG_COMPILER_GLOBAL_ACCENT_COLOR_NAME = AccentColor;
				CODE_SIGN_STYLE = Automatic;
				CURRENT_PROJECT_VERSION = 1;
				DEVELOPMENT_TEAM = GZCWDPJJ9Z;
				GENERATE_INFOPLIST_FILE = YES;
				INFOPLIST_FILE = week2/Info.plist;
				INFOPLIST_KEY_UIApplicationSupportsIndirectInputEvents = YES;
				INFOPLIST_KEY_UILaunchStoryboardName = LaunchScreen;
				INFOPLIST_KEY_UIMainStoryboardFile = Main;
				INFOPLIST_KEY_UISupportedInterfaceOrientations_iPad = UIInterfaceOrientationPortrait;
				INFOPLIST_KEY_UISupportedInterfaceOrientations_iPhone = UIInterfaceOrientationPortrait;
				LD_RUNPATH_SEARCH_PATHS = (
					"$(inherited)",
					"@executable_path/Frameworks",
				);
				MARKETING_VERSION = 1.0;
				PRODUCT_BUNDLE_IDENTIFIER = com.minseong.week2;
				PRODUCT_NAME = "$(TARGET_NAME)";
				SWIFT_EMIT_LOC_STRINGS = YES;
				SWIFT_VERSION = 5.0;
				TARGETED_DEVICE_FAMILY = "1,2";
			};
			name = Debug;
		};
		2477BF51287BA39B00F2BB92 /* Release */ = {
			isa = XCBuildConfiguration;
			buildSettings = {
				ASSETCATALOG_COMPILER_APPICON_NAME = AppIcon;
				ASSETCATALOG_COMPILER_GLOBAL_ACCENT_COLOR_NAME = AccentColor;
				CODE_SIGN_STYLE = Automatic;
				CURRENT_PROJECT_VERSION = 1;
				DEVELOPMENT_TEAM = GZCWDPJJ9Z;
				GENERATE_INFOPLIST_FILE = YES;
				INFOPLIST_FILE = week2/Info.plist;
				INFOPLIST_KEY_UIApplicationSupportsIndirectInputEvents = YES;
				INFOPLIST_KEY_UILaunchStoryboardName = LaunchScreen;
				INFOPLIST_KEY_UIMainStoryboardFile = Main;
				INFOPLIST_KEY_UISupportedInterfaceOrientations_iPad = UIInterfaceOrientationPortrait;
				INFOPLIST_KEY_UISupportedInterfaceOrientations_iPhone = UIInterfaceOrientationPortrait;
				LD_RUNPATH_SEARCH_PATHS = (
					"$(inherited)",
					"@executable_path/Frameworks",
				);
				MARKETING_VERSION = 1.0;
				PRODUCT_BUNDLE_IDENTIFIER = com.minseong.week2;
				PRODUCT_NAME = "$(TARGET_NAME)";
				SWIFT_EMIT_LOC_STRINGS = YES;
				SWIFT_VERSION = 5.0;
				TARGETED_DEVICE_FAMILY = "1,2";
			};
			name = Release;
		};
/* End XCBuildConfiguration section */

/* Begin XCConfigurationList section */
		2477BF36287BA39800F2BB92 /* Build configuration list for PBXProject "week2" */ = {
			isa = XCConfigurationList;
			buildConfigurations = (
				2477BF4D287BA39B00F2BB92 /* Debug */,
				2477BF4E287BA39B00F2BB92 /* Release */,
			);
			defaultConfigurationIsVisible = 0;
			defaultConfigurationName = Release;
		};
		2477BF4F287BA39B00F2BB92 /* Build configuration list for PBXNativeTarget "week2" */ = {
			isa = XCConfigurationList;
			buildConfigurations = (
				2477BF50287BA39B00F2BB92 /* Debug */,
				2477BF51287BA39B00F2BB92 /* Release */,
			);
			defaultConfigurationIsVisible = 0;
			defaultConfigurationName = Release;
		};
/* End XCConfigurationList section */

/* Begin XCRemoteSwiftPackageReference section */
		241AFB96287FAF5900E620FB /* XCRemoteSwiftPackageReference "SideMenu" */ = {
			isa = XCRemoteSwiftPackageReference;
			repositoryURL = "https://github.com/jonkykong/SideMenu.git";
			requirement = {
				kind = upToNextMajorVersion;
				minimumVersion = 6.0.0;
			};
		};
		241AFB99287FAF6700E620FB /* XCRemoteSwiftPackageReference "FSCalendar" */ = {
			isa = XCRemoteSwiftPackageReference;
			repositoryURL = "https://github.com/WenchaoD/FSCalendar.git";
			requirement = {
				kind = upToNextMajorVersion;
				minimumVersion = 2.0.0;
			};
		};
		241AFB9C287FAFE400E620FB /* XCRemoteSwiftPackageReference "TextFieldEffects" */ = {
			isa = XCRemoteSwiftPackageReference;
			repositoryURL = "https://github.com/raulriera/TextFieldEffects.git";
			requirement = {
				kind = upToNextMajorVersion;
				minimumVersion = 1.0.0;
			};
		};
		241AFB9F287FBE4100E620FB /* XCRemoteSwiftPackageReference "IQKeyboardManager" */ = {
			isa = XCRemoteSwiftPackageReference;
			repositoryURL = "https://github.com/hackiftekhar/IQKeyboardManager";
			requirement = {
				kind = exactVersion;
				version = 6.5.0;
			};
		};
/* End XCRemoteSwiftPackageReference section */

/* Begin XCSwiftPackageProductDependency section */
		241AFB97287FAF5900E620FB /* SideMenu */ = {
			isa = XCSwiftPackageProductDependency;
			package = 241AFB96287FAF5900E620FB /* XCRemoteSwiftPackageReference "SideMenu" */;
			productName = SideMenu;
		};
		241AFB9A287FAF6700E620FB /* FSCalendar */ = {
			isa = XCSwiftPackageProductDependency;
			package = 241AFB99287FAF6700E620FB /* XCRemoteSwiftPackageReference "FSCalendar" */;
			productName = FSCalendar;
		};
		241AFB9D287FAFE400E620FB /* TextFieldEffects */ = {
			isa = XCSwiftPackageProductDependency;
			package = 241AFB9C287FAFE400E620FB /* XCRemoteSwiftPackageReference "TextFieldEffects" */;
			productName = TextFieldEffects;
		};
		241AFBA0287FBE4100E620FB /* IQKeyboardManagerSwift */ = {
			isa = XCSwiftPackageProductDependency;
			package = 241AFB9F287FBE4100E620FB /* XCRemoteSwiftPackageReference "IQKeyboardManager" */;
			productName = IQKeyboardManagerSwift;
		};
/* End XCSwiftPackageProductDependency section */
	};
	rootObject = 2477BF33287BA39800F2BB92 /* Project object */;
}
